
Microsoft Visual Studio Solution File, Format Version 12.00
# Visual Studio Version 17
VisualStudioVersion = 17.5.002.0
MinimumVisualStudioVersion = 10.0.40219.1
Project("{2150E333-8FDC-42A3-9474-1A3956D46DE8}") = "prepare", "prepare", "{7C7ABCB4-A0AE-4C99-825B-B17418FF2F1D}"
EndProject
Project("{9A19103F-16F7-4668-BE54-9A1E7A4F7556}") = "Learning02", "prepare\Learning02\Learning02.csproj", "{74F0165F-4E76-4932-9524-1CE252D594DF}"
EndProject
Project("{9A19103F-16F7-4668-BE54-9A1E7A4F7556}") = "Learning05", "prepare\Learning05\Learning05.csproj", "{4F8FF7E3-1437-44B3-AE8B-6E131B0EFE75}"
EndProject
Project("{9A19103F-16F7-4668-BE54-9A1E7A4F7556}") = "Learning04", "prepare\Learning04\Learning04.csproj", "{66745445-A72A-47C4-8059-169E0F71DD42}"
EndProject
Project("{9A19103F-16F7-4668-BE54-9A1E7A4F7556}") = "Learning03", "prepare\Learning03\Learning03.csproj", "{8545179A-557B-4891-A28D-BDF14FE18CA1}"
EndProject
Project("{2150E333-8FDC-42A3-9474-1A3956D46DE8}") = "prove", "prove", "{2CC3DCAC-A467-4293-A308-139BEA279941}"
EndProject
Project("{9A19103F-16F7-4668-BE54-9A1E7A4F7556}") = "Develop03", "prove\Develop03\Develop03.csproj", "{3E99BD58-2B4B-4C6D-9C8D-50C0BF8ACC46}"
EndProject
Project("{9A19103F-16F7-4668-BE54-9A1E7A4F7556}") = "Develop04", "prove\Develop04\Develop04.csproj", "{B8A0C9E7-AEA8-42F5-B1E6-81FA127FF55C}"
EndProject
Project("{9A19103F-16F7-4668-BE54-9A1E7A4F7556}") = "Develop05", "prove\Develop05\Develop05.csproj", "{2D6CEACA-A1EC-42CF-8B46-F570D36B0B31}"
EndProject
Project("{9A19103F-16F7-4668-BE54-9A1E7A4F7556}") = "Develop02", "prove\Develop02\Develop02.csproj", "{3E63DDB2-7EEE-4FAD-A4CF-1167B06D02DB}"
EndProject
Project("{2150E333-8FDC-42A3-9474-1A3956D46DE8}") = "sandbox", "sandbox", "{7B2B0507-A7DA-4288-8E61-0D2AC54870CB}"
EndProject
Project("{9A19103F-16F7-4668-BE54-9A1E7A4F7556}") = "Sandbox", "sandbox\Sandbox\Sandbox.csproj", "{BEA5DF04-BD23-417E-AF63-6940D85339FB}"
EndProject
Project("{2150E333-8FDC-42A3-9474-1A3956D46DE8}") = "final", "final", "{A560B5D9-86E6-4D1A-9F8F-8C10A4D76013}"
EndProject
Project("{9A19103F-16F7-4668-BE54-9A1E7A4F7556}") = "FinalProject", "final\FinalProject\FinalProject.csproj", "{338B3E79-8FAB-4FAC-BDCE-B6BBBA5CF649}"
EndProject
Project("{9A19103F-16F7-4668-BE54-9A1E7A4F7556}") = "Foundation1", "final\Foundation1\Foundation1.csproj", "{9F0805FF-3169-44ED-900A-9A5F21B4E168}"
EndProject
Project("{9A19103F-16F7-4668-BE54-9A1E7A4F7556}") = "Foundation4", "final\Foundation4\Foundation4.csproj", "{94D27316-4A67-4463-9E3F-4D1D04287E06}"
EndProject
Project("{9A19103F-16F7-4668-BE54-9A1E7A4F7556}") = "Foundation3", "final\Foundation3\Foundation3.csproj", "{A046239C-7223-46A2-B64B-7EFB66B96F94}"
EndProject
Project("{9A19103F-16F7-4668-BE54-9A1E7A4F7556}") = "Foundation2", "final\Foundation2\Foundation2.csproj", "{7B8C2250-A3E6-406E-A88C-DC52A96B1FE1}"
EndProject
Project("{2150E333-8FDC-42A3-9474-1A3956D46DE8}") = "csharp-prep", "csharp-prep", "{DC7E78C9-0536-4909-ABF0-115827EB114A}"
EndProject
Project("{9A19103F-16F7-4668-BE54-9A1E7A4F7556}") = "Prep1", "csharp-prep\Prep1\Prep1.csproj", "{8C1F8D73-A5A5-457C-BAE5-9F18C5C37382}"
EndProject
Project("{9A19103F-16F7-4668-BE54-9A1E7A4F7556}") = "Prep5", "csharp-prep\Prep5\Prep5.csproj", "{0ED076A8-8C38-4781-8A08-740C2B8365BC}"
EndProject
Project("{9A19103F-16F7-4668-BE54-9A1E7A4F7556}") = "Prep2", "csharp-prep\Prep2\Prep2.csproj", "{ACB43ACE-A101-41EE-B980-B43041BD4F22}"
EndProject
Project("{9A19103F-16F7-4668-BE54-9A1E7A4F7556}") = "Prep3", "csharp-prep\Prep3\Prep3.csproj", "{ACAB441B-8BB4-4802-A0C0-405E0BFCB810}"
EndProject
Project("{9A19103F-16F7-4668-BE54-9A1E7A4F7556}") = "Prep4", "csharp-prep\Prep4\Prep4.csproj", "{A1380F0E-D479-4C03-A111-3A92EBF95F98}"
EndProject
Global
	GlobalSection(SolutionConfigurationPlatforms) = preSolution
		Debug|Any CPU = Debug|Any CPU
		Release|Any CPU = Release|Any CPU
	EndGlobalSection
	GlobalSection(ProjectConfigurationPlatforms) = postSolution
		{74F0165F-4E76-4932-9524-1CE252D594DF}.Debug|Any CPU.ActiveCfg = Debug|Any CPU
		{74F0165F-4E76-4932-9524-1CE252D594DF}.Debug|Any CPU.Build.0 = Debug|Any CPU
		{74F0165F-4E76-4932-9524-1CE252D594DF}.Release|Any CPU.ActiveCfg = Release|Any CPU
		{74F0165F-4E76-4932-9524-1CE252D594DF}.Release|Any CPU.Build.0 = Release|Any CPU
		{4F8FF7E3-1437-44B3-AE8B-6E131B0EFE75}.Debug|Any CPU.ActiveCfg = Debug|Any CPU
		{4F8FF7E3-1437-44B3-AE8B-6E131B0EFE75}.Debug|Any CPU.Build.0 = Debug|Any CPU
		{4F8FF7E3-1437-44B3-AE8B-6E131B0EFE75}.Release|Any CPU.ActiveCfg = Release|Any CPU
		{4F8FF7E3-1437-44B3-AE8B-6E131B0EFE75}.Release|Any CPU.Build.0 = Release|Any CPU
		{66745445-A72A-47C4-8059-169E0F71DD42}.Debug|Any CPU.ActiveCfg = Debug|Any CPU
		{66745445-A72A-47C4-8059-169E0F71DD42}.Debug|Any CPU.Build.0 = Debug|Any CPU
		{66745445-A72A-47C4-8059-169E0F71DD42}.Release|Any CPU.ActiveCfg = Release|Any CPU
		{66745445-A72A-47C4-8059-169E0F71DD42}.Release|Any CPU.Build.0 = Release|Any CPU
		{8545179A-557B-4891-A28D-BDF14FE18CA1}.Debug|Any CPU.ActiveCfg = Debug|Any CPU
		{8545179A-557B-4891-A28D-BDF14FE18CA1}.Debug|Any CPU.Build.0 = Debug|Any CPU
		{8545179A-557B-4891-A28D-BDF14FE18CA1}.Release|Any CPU.ActiveCfg = Release|Any CPU
		{8545179A-557B-4891-A28D-BDF14FE18CA1}.Release|Any CPU.Build.0 = Release|Any CPU
		{3E99BD58-2B4B-4C6D-9C8D-50C0BF8ACC46}.Debug|Any CPU.ActiveCfg = Debug|Any CPU
		{3E99BD58-2B4B-4C6D-9C8D-50C0BF8ACC46}.Debug|Any CPU.Build.0 = Debug|Any CPU
		{3E99BD58-2B4B-4C6D-9C8D-50C0BF8ACC46}.Release|Any CPU.ActiveCfg = Release|Any CPU
		{3E99BD58-2B4B-4C6D-9C8D-50C0BF8ACC46}.Release|Any CPU.Build.0 = Release|Any CPU
		{B8A0C9E7-AEA8-42F5-B1E6-81FA127FF55C}.Debug|Any CPU.ActiveCfg = Debug|Any CPU
		{B8A0C9E7-AEA8-42F5-B1E6-81FA127FF55C}.Debug|Any CPU.Build.0 = Debug|Any CPU
		{B8A0C9E7-AEA8-42F5-B1E6-81FA127FF55C}.Release|Any CPU.ActiveCfg = Release|Any CPU
		{B8A0C9E7-AEA8-42F5-B1E6-81FA127FF55C}.Release|Any CPU.Build.0 = Release|Any CPU
		{2D6CEACA-A1EC-42CF-8B46-F570D36B0B31}.Debug|Any CPU.ActiveCfg = Debug|Any CPU
		{2D6CEACA-A1EC-42CF-8B46-F570D36B0B31}.Debug|Any CPU.Build.0 = Debug|Any CPU
		{2D6CEACA-A1EC-42CF-8B46-F570D36B0B31}.Release|Any CPU.ActiveCfg = Release|Any CPU
		{2D6CEACA-A1EC-42CF-8B46-F570D36B0B31}.Release|Any CPU.Build.0 = Release|Any CPU
		{3E63DDB2-7EEE-4FAD-A4CF-1167B06D02DB}.Debug|Any CPU.ActiveCfg = Debug|Any CPU
		{3E63DDB2-7EEE-4FAD-A4CF-1167B06D02DB}.Debug|Any CPU.Build.0 = Debug|Any CPU
		{3E63DDB2-7EEE-4FAD-A4CF-1167B06D02DB}.Release|Any CPU.ActiveCfg = Release|Any CPU
		{3E63DDB2-7EEE-4FAD-A4CF-1167B06D02DB}.Release|Any CPU.Build.0 = Release|Any CPU
		{BEA5DF04-BD23-417E-AF63-6940D85339FB}.Debug|Any CPU.ActiveCfg = Debug|Any CPU
		{BEA5DF04-BD23-417E-AF63-6940D85339FB}.Debug|Any CPU.Build.0 = Debug|Any CPU
		{BEA5DF04-BD23-417E-AF63-6940D85339FB}.Release|Any CPU.ActiveCfg = Release|Any CPU
		{BEA5DF04-BD23-417E-AF63-6940D85339FB}.Release|Any CPU.Build.0 = Release|Any CPU
		{338B3E79-8FAB-4FAC-BDCE-B6BBBA5CF649}.Debug|Any CPU.ActiveCfg = Debug|Any CPU
		{338B3E79-8FAB-4FAC-BDCE-B6BBBA5CF649}.Debug|Any CPU.Build.0 = Debug|Any CPU
		{338B3E79-8FAB-4FAC-BDCE-B6BBBA5CF649}.Release|Any CPU.ActiveCfg = Release|Any CPU
		{338B3E79-8FAB-4FAC-BDCE-B6BBBA5CF649}.Release|Any CPU.Build.0 = Release|Any CPU
		{9F0805FF-3169-44ED-900A-9A5F21B4E168}.Debug|Any CPU.ActiveCfg = Debug|Any CPU
		{9F0805FF-3169-44ED-900A-9A5F21B4E168}.Debug|Any CPU.Build.0 = Debug|Any CPU
		{9F0805FF-3169-44ED-900A-9A5F21B4E168}.Release|Any CPU.ActiveCfg = Release|Any CPU
		{9F0805FF-3169-44ED-900A-9A5F21B4E168}.Release|Any CPU.Build.0 = Release|Any CPU
		{94D27316-4A67-4463-9E3F-4D1D04287E06}.Debug|Any CPU.ActiveCfg = Debug|Any CPU
		{94D27316-4A67-4463-9E3F-4D1D04287E06}.Debug|Any CPU.Build.0 = Debug|Any CPU
		{94D27316-4A67-4463-9E3F-4D1D04287E06}.Release|Any CPU.ActiveCfg = Release|Any CPU
		{94D27316-4A67-4463-9E3F-4D1D04287E06}.Release|Any CPU.Build.0 = Release|Any CPU
		{A046239C-7223-46A2-B64B-7EFB66B96F94}.Debug|Any CPU.ActiveCfg = Debug|Any CPU
		{A046239C-7223-46A2-B64B-7EFB66B96F94}.Debug|Any CPU.Build.0 = Debug|Any CPU
		{A046239C-7223-46A2-B64B-7EFB66B96F94}.Release|Any CPU.ActiveCfg = Release|Any CPU
		{A046239C-7223-46A2-B64B-7EFB66B96F94}.Release|Any CPU.Build.0 = Release|Any CPU
		{7B8C2250-A3E6-406E-A88C-DC52A96B1FE1}.Debug|Any CPU.ActiveCfg = Debug|Any CPU
		{7B8C2250-A3E6-406E-A88C-DC52A96B1FE1}.Debug|Any CPU.Build.0 = Debug|Any CPU
		{7B8C2250-A3E6-406E-A88C-DC52A96B1FE1}.Release|Any CPU.ActiveCfg = Release|Any CPU
		{7B8C2250-A3E6-406E-A88C-DC52A96B1FE1}.Release|Any CPU.Build.0 = Release|Any CPU
		{8C1F8D73-A5A5-457C-BAE5-9F18C5C37382}.Debug|Any CPU.ActiveCfg = Debug|Any CPU
		{8C1F8D73-A5A5-457C-BAE5-9F18C5C37382}.Debug|Any CPU.Build.0 = Debug|Any CPU
		{8C1F8D73-A5A5-457C-BAE5-9F18C5C37382}.Release|Any CPU.ActiveCfg = Release|Any CPU
		{8C1F8D73-A5A5-457C-BAE5-9F18C5C37382}.Release|Any CPU.Build.0 = Release|Any CPU
		{0ED076A8-8C38-4781-8A08-740C2B8365BC}.Debug|Any CPU.ActiveCfg = Debug|Any CPU
		{0ED076A8-8C38-4781-8A08-740C2B8365BC}.Debug|Any CPU.Build.0 = Debug|Any CPU
		{0ED076A8-8C38-4781-8A08-740C2B8365BC}.Release|Any CPU.ActiveCfg = Release|Any CPU
		{0ED076A8-8C38-4781-8A08-740C2B8365BC}.Release|Any CPU.Build.0 = Release|Any CPU
		{ACB43ACE-A101-41EE-B980-B43041BD4F22}.Debug|Any CPU.ActiveCfg = Debug|Any CPU
		{ACB43ACE-A101-41EE-B980-B43041BD4F22}.Debug|Any CPU.Build.0 = Debug|Any CPU
		{ACB43ACE-A101-41EE-B980-B43041BD4F22}.Release|Any CPU.ActiveCfg = Release|Any CPU
		{ACB43ACE-A101-41EE-B980-B43041BD4F22}.Release|Any CPU.Build.0 = Release|Any CPU
		{ACAB441B-8BB4-4802-A0C0-405E0BFCB810}.Debug|Any CPU.ActiveCfg = Debug|Any CPU
		{ACAB441B-8BB4-4802-A0C0-405E0BFCB810}.Debug|Any CPU.Build.0 = Debug|Any CPU
		{ACAB441B-8BB4-4802-A0C0-405E0BFCB810}.Release|Any CPU.ActiveCfg = Release|Any CPU
		{ACAB441B-8BB4-4802-A0C0-405E0BFCB810}.Release|Any CPU.Build.0 = Release|Any CPU
		{A1380F0E-D479-4C03-A111-3A92EBF95F98}.Debug|Any CPU.ActiveCfg = Debug|Any CPU
		{A1380F0E-D479-4C03-A111-3A92EBF95F98}.Debug|Any CPU.Build.0 = Debug|Any CPU
		{A1380F0E-D479-4C03-A111-3A92EBF95F98}.Release|Any CPU.ActiveCfg = Release|Any CPU
		{A1380F0E-D479-4C03-A111-3A92EBF95F98}.Release|Any CPU.Build.0 = Release|Any CPU
	EndGlobalSection
	GlobalSection(SolutionProperties) = preSolution
		HideSolutionNode = FALSE
	EndGlobalSection
	GlobalSection(NestedProjects) = preSolution
		{74F0165F-4E76-4932-9524-1CE252D594DF} = {7C7ABCB4-A0AE-4C99-825B-B17418FF2F1D}
		{4F8FF7E3-1437-44B3-AE8B-6E131B0EFE75} = {7C7ABCB4-A0AE-4C99-825B-B17418FF2F1D}
		{66745445-A72A-47C4-8059-169E0F71DD42} = {7C7ABCB4-A0AE-4C99-825B-B17418FF2F1D}
		{8545179A-557B-4891-A28D-BDF14FE18CA1} = {7C7ABCB4-A0AE-4C99-825B-B17418FF2F1D}
		{3E99BD58-2B4B-4C6D-9C8D-50C0BF8ACC46} = {2CC3DCAC-A467-4293-A308-139BEA279941}
		{B8A0C9E7-AEA8-42F5-B1E6-81FA127FF55C} = {2CC3DCAC-A467-4293-A308-139BEA279941}
		{2D6CEACA-A1EC-42CF-8B46-F570D36B0B31} = {2CC3DCAC-A467-4293-A308-139BEA279941}
		{3E63DDB2-7EEE-4FAD-A4CF-1167B06D02DB} = {2CC3DCAC-A467-4293-A308-139BEA279941}
		{BEA5DF04-BD23-417E-AF63-6940D85339FB} = {7B2B0507-A7DA-4288-8E61-0D2AC54870CB}
		{338B3E79-8FAB-4FAC-BDCE-B6BBBA5CF649} = {A560B5D9-86E6-4D1A-9F8F-8C10A4D76013}
		{9F0805FF-3169-44ED-900A-9A5F21B4E168} = {A560B5D9-86E6-4D1A-9F8F-8C10A4D76013}
		{94D27316-4A67-4463-9E3F-4D1D04287E06} = {A560B5D9-86E6-4D1A-9F8F-8C10A4D76013}
		{A046239C-7223-46A2-B64B-7EFB66B96F94} = {A560B5D9-86E6-4D1A-9F8F-8C10A4D76013}
		{7B8C2250-A3E6-406E-A88C-DC52A96B1FE1} = {A560B5D9-86E6-4D1A-9F8F-8C10A4D76013}
		{8C1F8D73-A5A5-457C-BAE5-9F18C5C37382} = {DC7E78C9-0536-4909-ABF0-115827EB114A}
		{0ED076A8-8C38-4781-8A08-740C2B8365BC} = {DC7E78C9-0536-4909-ABF0-115827EB114A}
		{ACB43ACE-A101-41EE-B980-B43041BD4F22} = {DC7E78C9-0536-4909-ABF0-115827EB114A}
		{ACAB441B-8BB4-4802-A0C0-405E0BFCB810} = {DC7E78C9-0536-4909-ABF0-115827EB114A}
		{A1380F0E-D479-4C03-A111-3A92EBF95F98} = {DC7E78C9-0536-4909-ABF0-115827EB114A}
	EndGlobalSection
	GlobalSection(ExtensibilityGlobals) = postSolution
		SolutionGuid = {27EA806D-E556-46F7-809E-D2B2E5DAFB2A}
	EndGlobalSection
EndGlobal
